// !$*UTF8*$!
{
	archiveVersion = 1;
	classes = {
	};
	objectVersion = 50;
	objects = {

/* Begin PBXBuildFile section */
		6DD2434A2485961E00BCD8B9 /* AppDelegate.swift in Sources */ = {isa = PBXBuildFile; fileRef = 6DD243492485961E00BCD8B9 /* AppDelegate.swift */; };
		6DD2434C2485961E00BCD8B9 /* SceneDelegate.swift in Sources */ = {isa = PBXBuildFile; fileRef = 6DD2434B2485961E00BCD8B9 /* SceneDelegate.swift */; };
		6DD2434E2485961E00BCD8B9 /* ContentView.swift in Sources */ = {isa = PBXBuildFile; fileRef = 6DD2434D2485961E00BCD8B9 /* ContentView.swift */; };
		6DD243502485962200BCD8B9 /* Assets.xcassets in Resources */ = {isa = PBXBuildFile; fileRef = 6DD2434F2485962200BCD8B9 /* Assets.xcassets */; };
		6DD243532485962200BCD8B9 /* Preview Assets.xcassets in Resources */ = {isa = PBXBuildFile; fileRef = 6DD243522485962200BCD8B9 /* Preview Assets.xcassets */; };
		6DD243562485962200BCD8B9 /* LaunchScreen.storyboard in Resources */ = {isa = PBXBuildFile; fileRef = 6DD243542485962200BCD8B9 /* LaunchScreen.storyboard */; };
		6DD243612485962200BCD8B9 /* InstaluraTests.swift in Sources */ = {isa = PBXBuildFile; fileRef = 6DD243602485962200BCD8B9 /* InstaluraTests.swift */; };
		6DD2436C2485962200BCD8B9 /* InstaluraUITests.swift in Sources */ = {isa = PBXBuildFile; fileRef = 6DD2436B2485962200BCD8B9 /* InstaluraUITests.swift */; };
/* End PBXBuildFile section */

/* Begin PBXContainerItemProxy section */
		6DD2435D2485962200BCD8B9 /* PBXContainerItemProxy */ = {
			isa = PBXContainerItemProxy;
			containerPortal = 6DD2433E2485961E00BCD8B9 /* Project object */;
			proxyType = 1;
			remoteGlobalIDString = 6DD243452485961E00BCD8B9;
			remoteInfo = Instalura;
		};
		6DD243682485962200BCD8B9 /* PBXContainerItemProxy */ = {
			isa = PBXContainerItemProxy;
			containerPortal = 6DD2433E2485961E00BCD8B9 /* Project object */;
			proxyType = 1;
			remoteGlobalIDString = 6DD243452485961E00BCD8B9;
			remoteInfo = Instalura;
		};
/* End PBXContainerItemProxy section */

/* Begin PBXFileReference section */
		6DD243462485961E00BCD8B9 /* Instalura.app */ = {isa = PBXFileReference; explicitFileType = wrapper.application; includeInIndex = 0; path = Instalura.app; sourceTree = BUILT_PRODUCTS_DIR; };
		6DD243492485961E00BCD8B9 /* AppDelegate.swift */ = {isa = PBXFileReference; lastKnownFileType = sourcecode.swift; path = AppDelegate.swift; sourceTree = "<group>"; };
		6DD2434B2485961E00BCD8B9 /* SceneDelegate.swift */ = {isa = PBXFileReference; lastKnownFileType = sourcecode.swift; path = SceneDelegate.swift; sourceTree = "<group>"; };
		6DD2434D2485961E00BCD8B9 /* ContentView.swift */ = {isa = PBXFileReference; lastKnownFileType = sourcecode.swift; path = ContentView.swift; sourceTree = "<group>"; };
		6DD2434F2485962200BCD8B9 /* Assets.xcassets */ = {isa = PBXFileReference; lastKnownFileType = folder.assetcatalog; path = Assets.xcassets; sourceTree = "<group>"; };
		6DD243522485962200BCD8B9 /* Preview Assets.xcassets */ = {isa = PBXFileReference; lastKnownFileType = folder.assetcatalog; path = "Preview Assets.xcassets"; sourceTree = "<group>"; };
		6DD243552485962200BCD8B9 /* Base */ = {isa = PBXFileReference; lastKnownFileType = file.storyboard; name = Base; path = Base.lproj/LaunchScreen.storyboard; sourceTree = "<group>"; };
		6DD243572485962200BCD8B9 /* Info.plist */ = {isa = PBXFileReference; lastKnownFileType = text.plist.xml; path = Info.plist; sourceTree = "<group>"; };
		6DD2435C2485962200BCD8B9 /* InstaluraTests.xctest */ = {isa = PBXFileReference; explicitFileType = wrapper.cfbundle; includeInIndex = 0; path = InstaluraTests.xctest; sourceTree = BUILT_PRODUCTS_DIR; };
		6DD243602485962200BCD8B9 /* InstaluraTests.swift */ = {isa = PBXFileReference; lastKnownFileType = sourcecode.swift; path = InstaluraTests.swift; sourceTree = "<group>"; };
		6DD243622485962200BCD8B9 /* Info.plist */ = {isa = PBXFileReference; lastKnownFileType = text.plist.xml; path = Info.plist; sourceTree = "<group>"; };
		6DD243672485962200BCD8B9 /* InstaluraUITests.xctest */ = {isa = PBXFileReference; explicitFileType = wrapper.cfbundle; includeInIndex = 0; path = InstaluraUITests.xctest; sourceTree = BUILT_PRODUCTS_DIR; };
		6DD2436B2485962200BCD8B9 /* InstaluraUITests.swift */ = {isa = PBXFileReference; lastKnownFileType = sourcecode.swift; path = InstaluraUITests.swift; sourceTree = "<group>"; };
		6DD2436D2485962200BCD8B9 /* Info.plist */ = {isa = PBXFileReference; lastKnownFileType = text.plist.xml; path = Info.plist; sourceTree = "<group>"; };
/* End PBXFileReference section */

/* Begin PBXFrameworksBuildPhase section */
		6DD243432485961E00BCD8B9 /* Frameworks */ = {
			isa = PBXFrameworksBuildPhase;
			buildActionMask = 2147483647;
			files = (
			);
			runOnlyForDeploymentPostprocessing = 0;
		};
		6DD243592485962200BCD8B9 /* Frameworks */ = {
			isa = PBXFrameworksBuildPhase;
			buildActionMask = 2147483647;
			files = (
			);
			runOnlyForDeploymentPostprocessing = 0;
		};
		6DD243642485962200BCD8B9 /* Frameworks */ = {
			isa = PBXFrameworksBuildPhase;
			buildActionMask = 2147483647;
			files = (
			);
			runOnlyForDeploymentPostprocessing = 0;
		};
/* End PBXFrameworksBuildPhase section */

/* Begin PBXGroup section */
		6DD2433D2485961E00BCD8B9 = {
			isa = PBXGroup;
			children = (
				6DD243482485961E00BCD8B9 /* Instalura */,
				6DD2435F2485962200BCD8B9 /* InstaluraTests */,
				6DD2436A2485962200BCD8B9 /* InstaluraUITests */,
				6DD243472485961E00BCD8B9 /* Products */,
			);
			sourceTree = "<group>";
		};
		6DD243472485961E00BCD8B9 /* Products */ = {
			isa = PBXGroup;
			children = (
				6DD243462485961E00BCD8B9 /* Instalura.app */,
				6DD2435C2485962200BCD8B9 /* InstaluraTests.xctest */,
				6DD243672485962200BCD8B9 /* InstaluraUITests.xctest */,
			);
			name = Products;
			sourceTree = "<group>";
		};
		6DD243482485961E00BCD8B9 /* Instalura */ = {
			isa = PBXGroup;
			children = (
				6DD243492485961E00BCD8B9 /* AppDelegate.swift */,
				6DD2434B2485961E00BCD8B9 /* SceneDelegate.swift */,
				6DD2434D2485961E00BCD8B9 /* ContentView.swift */,
				6DD2434F2485962200BCD8B9 /* Assets.xcassets */,
				6DD243542485962200BCD8B9 /* LaunchScreen.storyboard */,
				6DD243572485962200BCD8B9 /* Info.plist */,
				6DD243512485962200BCD8B9 /* Preview Content */,
			);
			path = Instalura;
			sourceTree = "<group>";
		};
		6DD243512485962200BCD8B9 /* Preview Content */ = {
			isa = PBXGroup;
			children = (
				6DD243522485962200BCD8B9 /* Preview Assets.xcassets */,
			);
			path = "Preview Content";
			sourceTree = "<group>";
		};
		6DD2435F2485962200BCD8B9 /* InstaluraTests */ = {
			isa = PBXGroup;
			children = (
				6DD243602485962200BCD8B9 /* InstaluraTests.swift */,
				6DD243622485962200BCD8B9 /* Info.plist */,
			);
			path = InstaluraTests;
			sourceTree = "<group>";
		};
		6DD2436A2485962200BCD8B9 /* InstaluraUITests */ = {
			isa = PBXGroup;
			children = (
				6DD2436B2485962200BCD8B9 /* InstaluraUITests.swift */,
				6DD2436D2485962200BCD8B9 /* Info.plist */,
			);
			path = InstaluraUITests;
			sourceTree = "<group>";
		};
/* End PBXGroup section */

/* Begin PBXNativeTarget section */
		6DD243452485961E00BCD8B9 /* Instalura */ = {
			isa = PBXNativeTarget;
			buildConfigurationList = 6DD243702485962200BCD8B9 /* Build configuration list for PBXNativeTarget "Instalura" */;
			buildPhases = (
				6DD243422485961E00BCD8B9 /* Sources */,
				6DD243432485961E00BCD8B9 /* Frameworks */,
				6DD243442485961E00BCD8B9 /* Resources */,
			);
			buildRules = (
			);
			dependencies = (
			);
			name = Instalura;
			productName = Instalura;
			productReference = 6DD243462485961E00BCD8B9 /* Instalura.app */;
			productType = "com.apple.product-type.application";
		};
		6DD2435B2485962200BCD8B9 /* InstaluraTests */ = {
			isa = PBXNativeTarget;
			buildConfigurationList = 6DD243732485962200BCD8B9 /* Build configuration list for PBXNativeTarget "InstaluraTests" */;
			buildPhases = (
				6DD243582485962200BCD8B9 /* Sources */,
				6DD243592485962200BCD8B9 /* Frameworks */,
				6DD2435A2485962200BCD8B9 /* Resources */,
			);
			buildRules = (
			);
			dependencies = (
				6DD2435E2485962200BCD8B9 /* PBXTargetDependency */,
			);
			name = InstaluraTests;
			productName = InstaluraTests;
			productReference = 6DD2435C2485962200BCD8B9 /* InstaluraTests.xctest */;
			productType = "com.apple.product-type.bundle.unit-test";
		};
		6DD243662485962200BCD8B9 /* InstaluraUITests */ = {
			isa = PBXNativeTarget;
			buildConfigurationList = 6DD243762485962200BCD8B9 /* Build configuration list for PBXNativeTarget "InstaluraUITests" */;
			buildPhases = (
				6DD243632485962200BCD8B9 /* Sources */,
				6DD243642485962200BCD8B9 /* Frameworks */,
				6DD243652485962200BCD8B9 /* Resources */,
			);
			buildRules = (
			);
			dependencies = (
				6DD243692485962200BCD8B9 /* PBXTargetDependency */,
			);
			name = InstaluraUITests;
			productName = InstaluraUITests;
			productReference = 6DD243672485962200BCD8B9 /* InstaluraUITests.xctest */;
			productType = "com.apple.product-type.bundle.ui-testing";
		};
/* End PBXNativeTarget section */

/* Begin PBXProject section */
		6DD2433E2485961E00BCD8B9 /* Project object */ = {
			isa = PBXProject;
			attributes = {
				LastSwiftUpdateCheck = 1130;
				LastUpgradeCheck = 1130;
				ORGANIZATIONNAME = DesenvolvedorApp_RCKY;
				TargetAttributes = {
					6DD243452485961E00BCD8B9 = {
						CreatedOnToolsVersion = 11.3.1;
					};
					6DD2435B2485962200BCD8B9 = {
						CreatedOnToolsVersion = 11.3.1;
						TestTargetID = 6DD243452485961E00BCD8B9;
					};
					6DD243662485962200BCD8B9 = {
						CreatedOnToolsVersion = 11.3.1;
						TestTargetID = 6DD243452485961E00BCD8B9;
					};
				};
			};
			buildConfigurationList = 6DD243412485961E00BCD8B9 /* Build configuration list for PBXProject "Instalura" */;
			compatibilityVersion = "Xcode 9.3";
			developmentRegion = en;
			hasScannedForEncodings = 0;
			knownRegions = (
				en,
				Base,
			);
			mainGroup = 6DD2433D2485961E00BCD8B9;
			productRefGroup = 6DD243472485961E00BCD8B9 /* Products */;
			projectDirPath = "";
			projectRoot = "";
			targets = (
				6DD243452485961E00BCD8B9 /* Instalura */,
				6DD2435B2485962200BCD8B9 /* InstaluraTests */,
				6DD243662485962200BCD8B9 /* InstaluraUITests */,
			);
		};
/* End PBXProject section */

/* Begin PBXResourcesBuildPhase section */
		6DD243442485961E00BCD8B9 /* Resources */ = {
			isa = PBXResourcesBuildPhase;
			buildActionMask = 2147483647;
			files = (
				6DD243562485962200BCD8B9 /* LaunchScreen.storyboard in Resources */,
				6DD243532485962200BCD8B9 /* Preview Assets.xcassets in Resources */,
				6DD243502485962200BCD8B9 /* Assets.xcassets in Resources */,
			);
			runOnlyForDeploymentPostprocessing = 0;
		};
		6DD2435A2485962200BCD8B9 /* Resources */ = {
			isa = PBXResourcesBuildPhase;
			buildActionMask = 2147483647;
			files = (
			);
			runOnlyForDeploymentPostprocessing = 0;
		};
		6DD243652485962200BCD8B9 /* Resources */ = {
			isa = PBXResourcesBuildPhase;
			buildActionMask = 2147483647;
			files = (
			);
			runOnlyForDeploymentPostprocessing = 0;
		};
/* End PBXResourcesBuildPhase section */

/* Begin PBXSourcesBuildPhase section */
		6DD243422485961E00BCD8B9 /* Sources */ = {
			isa = PBXSourcesBuildPhase;
			buildActionMask = 2147483647;
			files = (
				6DD2434A2485961E00BCD8B9 /* AppDelegate.swift in Sources */,
				6DD2434C2485961E00BCD8B9 /* SceneDelegate.swift in Sources */,
				6DD2434E2485961E00BCD8B9 /* ContentView.swift in Sources */,
			);
			runOnlyForDeploymentPostprocessing = 0;
		};
		6DD243582485962200BCD8B9 /* Sources */ = {
			isa = PBXSourcesBuildPhase;
			buildActionMask = 2147483647;
			files = (
				6DD243612485962200BCD8B9 /* InstaluraTests.swift in Sources */,
			);
			runOnlyForDeploymentPostprocessing = 0;
		};
		6DD243632485962200BCD8B9 /* Sources */ = {
			isa = PBXSourcesBuildPhase;
			buildActionMask = 2147483647;
			files = (
				6DD2436C2485962200BCD8B9 /* InstaluraUITests.swift in Sources */,
			);
			runOnlyForDeploymentPostprocessing = 0;
		};
/* End PBXSourcesBuildPhase section */

/* Begin PBXTargetDependency section */
		6DD2435E2485962200BCD8B9 /* PBXTargetDependency */ = {
			isa = PBXTargetDependency;
			target = 6DD243452485961E00BCD8B9 /* Instalura */;
			targetProxy = 6DD2435D2485962200BCD8B9 /* PBXContainerItemProxy */;
		};
		6DD243692485962200BCD8B9 /* PBXTargetDependency */ = {
			isa = PBXTargetDependency;
			target = 6DD243452485961E00BCD8B9 /* Instalura */;
			targetProxy = 6DD243682485962200BCD8B9 /* PBXContainerItemProxy */;
		};
/* End PBXTargetDependency section */

/* Begin PBXVariantGroup section */
		6DD243542485962200BCD8B9 /* LaunchScreen.storyboard */ = {
			isa = PBXVariantGroup;
			children = (
				6DD243552485962200BCD8B9 /* Base */,
			);
			name = LaunchScreen.storyboard;
			sourceTree = "<group>";
		};
/* End PBXVariantGroup section */

/* Begin XCBuildConfiguration section */
		6DD2436E2485962200BCD8B9 /* Debug */ = {
			isa = XCBuildConfiguration;
			buildSettings = {
				ALWAYS_SEARCH_USER_PATHS = NO;
				CLANG_ANALYZER_NONNULL = YES;
				CLANG_ANALYZER_NUMBER_OBJECT_CONVERSION = YES_AGGRESSIVE;
				CLANG_CXX_LANGUAGE_STANDARD = "gnu++14";
				CLANG_CXX_LIBRARY = "libc++";
				CLANG_ENABLE_MODULES = YES;
				CLANG_ENABLE_OBJC_ARC = YES;
				CLANG_ENABLE_OBJC_WEAK = YES;
				CLANG_WARN_BLOCK_CAPTURE_AUTORELEASING = YES;
				CLANG_WARN_BOOL_CONVERSION = YES;
				CLANG_WARN_COMMA = YES;
				CLANG_WARN_CONSTANT_CONVERSION = YES;
				CLANG_WARN_DEPRECATED_OBJC_IMPLEMENTATIONS = YES;
				CLANG_WARN_DIRECT_OBJC_ISA_USAGE = YES_ERROR;
				CLANG_WARN_DOCUMENTATION_COMMENTS = YES;
				CLANG_WARN_EMPTY_BODY = YES;
				CLANG_WARN_ENUM_CONVERSION = YES;
				CLANG_WARN_INFINITE_RECURSION = YES;
				CLANG_WARN_INT_CONVERSION = YES;
				CLANG_WARN_NON_LITERAL_NULL_CONVERSION = YES;
				CLANG_WARN_OBJC_IMPLICIT_RETAIN_SELF = YES;
				CLANG_WARN_OBJC_LITERAL_CONVERSION = YES;
				CLANG_WARN_OBJC_ROOT_CLASS = YES_ERROR;
				CLANG_WARN_RANGE_LOOP_ANALYSIS = YES;
				CLANG_WARN_STRICT_PROTOTYPES = YES;
				CLANG_WARN_SUSPICIOUS_MOVE = YES;
				CLANG_WARN_UNGUARDED_AVAILABILITY = YES_AGGRESSIVE;
				CLANG_WARN_UNREACHABLE_CODE = YES;
				CLANG_WARN__DUPLICATE_METHOD_MATCH = YES;
				COPY_PHASE_STRIP = NO;
				DEBUG_INFORMATION_FORMAT = dwarf;
				ENABLE_STRICT_OBJC_MSGSEND = YES;
				ENABLE_TESTABILITY = YES;
				GCC_C_LANGUAGE_STANDARD = gnu11;
				GCC_DYNAMIC_NO_PIC = NO;
				GCC_NO_COMMON_BLOCKS = YES;
				GCC_OPTIMIZATION_LEVEL = 0;
				GCC_PREPROCESSOR_DEFINITIONS = (
					"DEBUG=1",
					"$(inherited)",
				);
				GCC_WARN_64_TO_32_BIT_CONVERSION = YES;
				GCC_WARN_ABOUT_RETURN_TYPE = YES_ERROR;
				GCC_WARN_UNDECLARED_SELECTOR = YES;
				GCC_WARN_UNINITIALIZED_AUTOS = YES_AGGRESSIVE;
				GCC_WARN_UNUSED_FUNCTION = YES;
				GCC_WARN_UNUSED_VARIABLE = YES;
				IPHONEOS_DEPLOYMENT_TARGET = 13.2;
				MTL_ENABLE_DEBUG_INFO = INCLUDE_SOURCE;
				MTL_FAST_MATH = YES;
				ONLY_ACTIVE_ARCH = YES;
				SDKROOT = iphoneos;
				SWIFT_ACTIVE_COMPILATION_CONDITIONS = DEBUG;
				SWIFT_OPTIMIZATION_LEVEL = "-Onone";
			};
			name = Debug;
		};
		6DD2436F2485962200BCD8B9 /* Release */ = {
			isa = XCBuildConfiguration;
			buildSettings = {
				ALWAYS_SEARCH_USER_PATHS = NO;
				CLANG_ANALYZER_NONNULL = YES;
				CLANG_ANALYZER_NUMBER_OBJECT_CONVERSION = YES_AGGRESSIVE;
				CLANG_CXX_LANGUAGE_STANDARD = "gnu++14";
				CLANG_CXX_LIBRARY = "libc++";
				CLANG_ENABLE_MODULES = YES;
				CLANG_ENABLE_OBJC_ARC = YES;
				CLANG_ENABLE_OBJC_WEAK = YES;
				CLANG_WARN_BLOCK_CAPTURE_AUTORELEASING = YES;
				CLANG_WARN_BOOL_CONVERSION = YES;
				CLANG_WARN_COMMA = YES;
				CLANG_WARN_CONSTANT_CONVERSION = YES;
				CLANG_WARN_DEPRECATED_OBJC_IMPLEMENTATIONS = YES;
				CLANG_WARN_DIRECT_OBJC_ISA_USAGE = YES_ERROR;
				CLANG_WARN_DOCUMENTATION_COMMENTS = YES;
				CLANG_WARN_EMPTY_BODY = YES;
				CLANG_WARN_ENUM_CONVERSION = YES;
				CLANG_WARN_INFINITE_RECURSION = YES;
				CLANG_WARN_INT_CONVERSION = YES;
				CLANG_WARN_NON_LITERAL_NULL_CONVERSION = YES;
				CLANG_WARN_OBJC_IMPLICIT_RETAIN_SELF = YES;
				CLANG_WARN_OBJC_LITERAL_CONVERSION = YES;
				CLANG_WARN_OBJC_ROOT_CLASS = YES_ERROR;
				CLANG_WARN_RANGE_LOOP_ANALYSIS = YES;
				CLANG_WARN_STRICT_PROTOTYPES = YES;
				CLANG_WARN_SUSPICIOUS_MOVE = YES;
				CLANG_WARN_UNGUARDED_AVAILABILITY = YES_AGGRESSIVE;
				CLANG_WARN_UNREACHABLE_CODE = YES;
				CLANG_WARN__DUPLICATE_METHOD_MATCH = YES;
				COPY_PHASE_STRIP = NO;
				DEBUG_INFORMATION_FORMAT = "dwarf-with-dsym";
				ENABLE_NS_ASSERTIONS = NO;
				ENABLE_STRICT_OBJC_MSGSEND = YES;
				GCC_C_LANGUAGE_STANDARD = gnu11;
				GCC_NO_COMMON_BLOCKS = YES;
				GCC_WARN_64_TO_32_BIT_CONVERSION = YES;
				GCC_WARN_ABOUT_RETURN_TYPE = YES_ERROR;
				GCC_WARN_UNDECLARED_SELECTOR = YES;
				GCC_WARN_UNINITIALIZED_AUTOS = YES_AGGRESSIVE;
				GCC_WARN_UNUSED_FUNCTION = YES;
				GCC_WARN_UNUSED_VARIABLE = YES;
				IPHONEOS_DEPLOYMENT_TARGET = 13.2;
				MTL_ENABLE_DEBUG_INFO = NO;
				MTL_FAST_MATH = YES;
				SDKROOT = iphoneos;
				SWIFT_COMPILATION_MODE = wholemodule;
				SWIFT_OPTIMIZATION_LEVEL = "-O";
				VALIDATE_PRODUCT = YES;
			};
			name = Release;
		};
		6DD243712485962200BCD8B9 /* Debug */ = {
			isa = XCBuildConfiguration;
			buildSettings = {
				ASSETCATALOG_COMPILER_APPICON_NAME = AppIcon;
				CODE_SIGN_STYLE = Automatic;
				DEVELOPMENT_ASSET_PATHS = "\"Instalura/Preview Content\"";
				ENABLE_PREVIEWS = YES;
				INFOPLIST_FILE = Instalura/Info.plist;
				LD_RUNPATH_SEARCH_PATHS = (
					"$(inherited)",
					"@executable_path/Frameworks",
				);
				PRODUCT_BUNDLE_IDENTIFIER = RCKY.Instalura;
				PRODUCT_NAME = "$(TARGET_NAME)";
				SWIFT_VERSION = 5.0;
				TARGETED_DEVICE_FAMILY = "1,2";
			};
			name = Debug;
		};
		6DD243722485962200BCD8B9 /* Release */ = {
			isa = XCBuildConfiguration;
			buildSettings = {
				ASSETCATALOG_COMPILER_APPICON_NAME = AppIcon;
				CODE_SIGN_STYLE = Automatic;
				DEVELOPMENT_ASSET_PATHS = "\"Instalura/Preview Content\"";
				ENABLE_PREVIEWS = YES;
				INFOPLIST_FILE = Instalura/Info.plist;
				LD_RUNPATH_SEARCH_PATHS = (
					"$(inherited)",
					"@executable_path/Frameworks",
				);
				PRODUCT_BUNDLE_IDENTIFIER = RCKY.Instalura;
				PRODUCT_NAME = "$(TARGET_NAME)";
				SWIFT_VERSION = 5.0;
				TARGETED_DEVICE_FAMILY = "1,2";
			};
			name = Release;
		};
		6DD243742485962200BCD8B9 /* Debug */ = {
			isa = XCBuildConfiguration;
			buildSettings = {
				ALWAYS_EMBED_SWIFT_STANDARD_LIBRARIES = YES;
				BUNDLE_LOADER = "$(TEST_HOST)";
				CODE_SIGN_STYLE = Automatic;
				INFOPLIST_FILE = InstaluraTests/Info.plist;
				IPHONEOS_DEPLOYMENT_TARGET = 13.2;
				LD_RUNPATH_SEARCH_PATHS = (
					"$(inherited)",
					"@executable_path/Frameworks",
					"@loader_path/Frameworks",
				);
				PRODUCT_BUNDLE_IDENTIFIER = RCKY.InstaluraTests;
				PRODUCT_NAME = "$(TARGET_NAME)";
				SWIFT_VERSION = 5.0;
				TARGETED_DEVICE_FAMILY = "1,2";
				TEST_HOST = "$(BUILT_PRODUCTS_DIR)/Instalura.app/Instalura";
			};
			name = Debug;
		};
		6DD243752485962200BCD8B9 /* Release */ = {
			isa = XCBuildConfiguration;
			buildSettings = {
				ALWAYS_EMBED_SWIFT_STANDARD_LIBRARIES = YES;
				BUNDLE_LOADER = "$(TEST_HOST)";
				CODE_SIGN_STYLE = Automatic;
				INFOPLIST_FILE = InstaluraTests/Info.plist;
				IPHONEOS_DEPLOYMENT_TARGET = 13.2;
				LD_RUNPATH_SEARCH_PATHS = (
					"$(inherited)",
					"@executable_path/Frameworks",
					"@loader_path/Frameworks",
				);
				PRODUCT_BUNDLE_IDENTIFIER = RCKY.InstaluraTests;
				PRODUCT_NAME = "$(TARGET_NAME)";
				SWIFT_VERSION = 5.0;
				TARGETED_DEVICE_FAMILY = "1,2";
				TEST_HOST = "$(BUILT_PRODUCTS_DIR)/Instalura.app/Instalura";
			};
			name = Release;
		};
		6DD243772485962200BCD8B9 /* Debug */ = {
			isa = XCBuildConfiguration;
			buildSettings = {
				ALWAYS_EMBED_SWIFT_STANDARD_LIBRARIES = YES;
				CODE_SIGN_STYLE = Automatic;
				INFOPLIST_FILE = InstaluraUITests/Info.plist;
				LD_RUNPATH_SEARCH_PATHS = (
					"$(inherited)",
					"@executable_path/Frameworks",
					"@loader_path/Frameworks",
				);
				PRODUCT_BUNDLE_IDENTIFIER = RCKY.InstaluraUITests;
				PRODUCT_NAME = "$(TARGET_NAME)";
				SWIFT_VERSION = 5.0;
				TARGETED_DEVICE_FAMILY = "1,2";
				TEST_TARGET_NAME = Instalura;
			};
			name = Debug;
		};
		6DD243782485962200BCD8B9 /* Release */ = {
			isa = XCBuildConfiguration;
			buildSettings = {
				ALWAYS_EMBED_SWIFT_STANDARD_LIBRARIES = YES;
				CODE_SIGN_STYLE = Automatic;
				INFOPLIST_FILE = InstaluraUITests/Info.plist;
				LD_RUNPATH_SEARCH_PATHS = (
					"$(inherited)",
					"@executable_path/Frameworks",
					"@loader_path/Frameworks",
				);
				PRODUCT_BUNDLE_IDENTIFIER = RCKY.InstaluraUITests;
				PRODUCT_NAME = "$(TARGET_NAME)";
				SWIFT_VERSION = 5.0;
				TARGETED_DEVICE_FAMILY = "1,2";
				TEST_TARGET_NAME = Instalura;
			};
			name = Release;
		};
/* End XCBuildConfiguration section */

/* Begin XCConfigurationList section */
		6DD243412485961E00BCD8B9 /* Build configuration list for PBXProject "Instalura" */ = {
			isa = XCConfigurationList;
			buildConfigurations = (
				6DD2436E2485962200BCD8B9 /* Debug */,
				6DD2436F2485962200BCD8B9 /* Release */,
			);
			defaultConfigurationIsVisible = 0;
			defaultConfigurationName = Release;
		};
		6DD243702485962200BCD8B9 /* Build configuration list for PBXNativeTarget "Instalura" */ = {
			isa = XCConfigurationList;
			buildConfigurations = (
				6DD243712485962200BCD8B9 /* Debug */,
				6DD243722485962200BCD8B9 /* Release */,
			);
			defaultConfigurationIsVisible = 0;
			defaultConfigurationName = Release;
		};
		6DD243732485962200BCD8B9 /* Build configuration list for PBXNativeTarget "InstaluraTests" */ = {
			isa = XCConfigurationList;
			buildConfigurations = (
				6DD243742485962200BCD8B9 /* Debug */,
				6DD243752485962200BCD8B9 /* Release */,
			);
			defaultConfigurationIsVisible = 0;
			defaultConfigurationName = Release;
		};
		6DD243762485962200BCD8B9 /* Build configuration list for PBXNativeTarget "InstaluraUITests" */ = {
			isa = XCConfigurationList;
			buildConfigurations = (
				6DD243772485962200BCD8B9 /* Debug */,
				6DD243782485962200BCD8B9 /* Release */,
			);
			defaultConfigurationIsVisible = 0;
			defaultConfigurationName = Release;
		};
/* End XCConfigurationList section */
	};
	rootObject = 6DD2433E2485961E00BCD8B9 /* Project object */;
}
